// !$*UTF8*$!
{
	archiveVersion = 1;
	classes = {
	};
	objectVersion = 46;
	objects = {

/* Begin PBXBuildFile section */
		A958FA0C1C53ACDE00C694E6 /* IngredientsViewCell.m in Sources */ = {isa = PBXBuildFile; fileRef = A958FA091C53ACDE00C694E6 /* IngredientsViewCell.m */; };
		A958FA0D1C53ACDE00C694E6 /* IngredientsInterface.m in Sources */ = {isa = PBXBuildFile; fileRef = A958FA0B1C53ACDE00C694E6 /* IngredientsInterface.m */; };
		A9596CAB1C53A7670088E485 /* IngredientsControllerC.m in Sources */ = {isa = PBXBuildFile; fileRef = A9596CAA1C53A7670088E485 /* IngredientsControllerC.m */; };
		A9B425561C533EAC00BE55F9 /* ViewController.swift in Sources */ = {isa = PBXBuildFile; fileRef = A9B425551C533EAC00BE55F9 /* ViewController.swift */; };
		A9B425591C533EAC00BE55F9 /* Main.storyboard in Resources */ = {isa = PBXBuildFile; fileRef = A9B425571C533EAC00BE55F9 /* Main.storyboard */; };
		A9B4255B1C533EAC00BE55F9 /* Images.xcassets in Resources */ = {isa = PBXBuildFile; fileRef = A9B4255A1C533EAC00BE55F9 /* Images.xcassets */; };
		A9B4255E1C533EAC00BE55F9 /* LaunchScreen.xib in Resources */ = {isa = PBXBuildFile; fileRef = A9B4255C1C533EAC00BE55F9 /* LaunchScreen.xib */; };
		A9B4256A1C533EAC00BE55F9 /* HomeChefTests.swift in Sources */ = {isa = PBXBuildFile; fileRef = A9B425691C533EAC00BE55F9 /* HomeChefTests.swift */; };
		A9B425741C53615400BE55F9 /* IngredientsViewController.swift in Sources */ = {isa = PBXBuildFile; fileRef = A9B425731C53615400BE55F9 /* IngredientsViewController.swift */; };
		A9BA6ABE1C53AA2200E79B97 /* AppDelegate.swift in Sources */ = {isa = PBXBuildFile; fileRef = A9BA6ABD1C53AA2200E79B97 /* AppDelegate.swift */; };
/* End PBXBuildFile section */

/* Begin PBXContainerItemProxy section */
		A9B425641C533EAC00BE55F9 /* PBXContainerItemProxy */ = {
			isa = PBXContainerItemProxy;
			containerPortal = A9B425461C533EAC00BE55F9 /* Project object */;
			proxyType = 1;
			remoteGlobalIDString = A9B4254D1C533EAC00BE55F9;
			remoteInfo = HomeChef;
		};
/* End PBXContainerItemProxy section */

/* Begin PBXFileReference section */
		A958FA081C53ACDE00C694E6 /* IngredientsViewCell.h */ = {isa = PBXFileReference; fileEncoding = 4; lastKnownFileType = sourcecode.c.h; path = IngredientsViewCell.h; sourceTree = "<group>"; };
		A958FA091C53ACDE00C694E6 /* IngredientsViewCell.m */ = {isa = PBXFileReference; fileEncoding = 4; lastKnownFileType = sourcecode.c.objc; path = IngredientsViewCell.m; sourceTree = "<group>"; };
		A958FA0A1C53ACDE00C694E6 /* IngredientsInterface.h */ = {isa = PBXFileReference; fileEncoding = 4; lastKnownFileType = sourcecode.c.h; path = IngredientsInterface.h; sourceTree = "<group>"; };
		A958FA0B1C53ACDE00C694E6 /* IngredientsInterface.m */ = {isa = PBXFileReference; fileEncoding = 4; lastKnownFileType = sourcecode.c.objc; path = IngredientsInterface.m; sourceTree = "<group>"; };
		A9596CAA1C53A7670088E485 /* IngredientsControllerC.m */ = {isa = PBXFileReference; fileEncoding = 4; lastKnownFileType = sourcecode.c.objc; path = IngredientsControllerC.m; sourceTree = "<group>"; };
		A9B4254E1C533EAC00BE55F9 /* HomeChef.app */ = {isa = PBXFileReference; explicitFileType = wrapper.application; includeInIndex = 0; path = HomeChef.app; sourceTree = BUILT_PRODUCTS_DIR; };
		A9B425521C533EAC00BE55F9 /* Info.plist */ = {isa = PBXFileReference; lastKnownFileType = text.plist.xml; path = Info.plist; sourceTree = "<group>"; };
		A9B425551C533EAC00BE55F9 /* ViewController.swift */ = {isa = PBXFileReference; lastKnownFileType = sourcecode.swift; path = ViewController.swift; sourceTree = "<group>"; };
		A9B425581C533EAC00BE55F9 /* Base */ = {isa = PBXFileReference; lastKnownFileType = file.storyboard; name = Base; path = Base.lproj/Main.storyboard; sourceTree = "<group>"; };
		A9B4255A1C533EAC00BE55F9 /* Images.xcassets */ = {isa = PBXFileReference; lastKnownFileType = folder.assetcatalog; path = Images.xcassets; sourceTree = "<group>"; };
		A9B4255D1C533EAC00BE55F9 /* Base */ = {isa = PBXFileReference; lastKnownFileType = file.xib; name = Base; path = Base.lproj/LaunchScreen.xib; sourceTree = "<group>"; };
		A9B425631C533EAC00BE55F9 /* HomeChefTests.xctest */ = {isa = PBXFileReference; explicitFileType = wrapper.cfbundle; includeInIndex = 0; path = HomeChefTests.xctest; sourceTree = BUILT_PRODUCTS_DIR; };
		A9B425681C533EAC00BE55F9 /* Info.plist */ = {isa = PBXFileReference; lastKnownFileType = text.plist.xml; path = Info.plist; sourceTree = "<group>"; };
		A9B425691C533EAC00BE55F9 /* HomeChefTests.swift */ = {isa = PBXFileReference; lastKnownFileType = sourcecode.swift; path = HomeChefTests.swift; sourceTree = "<group>"; };
		A9B425731C53615400BE55F9 /* IngredientsViewController.swift */ = {isa = PBXFileReference; fileEncoding = 4; lastKnownFileType = sourcecode.swift; path = IngredientsViewController.swift; sourceTree = "<group>"; };
		A9BA6ABD1C53AA2200E79B97 /* AppDelegate.swift */ = {isa = PBXFileReference; fileEncoding = 4; lastKnownFileType = sourcecode.swift; path = AppDelegate.swift; sourceTree = "<group>"; };
/* End PBXFileReference section */

/* Begin PBXFrameworksBuildPhase section */
		A9B4254B1C533EAC00BE55F9 /* Frameworks */ = {
			isa = PBXFrameworksBuildPhase;
			buildActionMask = 2147483647;
			files = (
			);
			runOnlyForDeploymentPostprocessing = 0;
		};
		A9B425601C533EAC00BE55F9 /* Frameworks */ = {
			isa = PBXFrameworksBuildPhase;
			buildActionMask = 2147483647;
			files = (
			);
			runOnlyForDeploymentPostprocessing = 0;
		};
/* End PBXFrameworksBuildPhase section */

/* Begin PBXGroup section */
		A9B425451C533EAC00BE55F9 = {
			isa = PBXGroup;
			children = (
				A9B425501C533EAC00BE55F9 /* HomeChef */,
				A9B425661C533EAC00BE55F9 /* HomeChefTests */,
				A9B4254F1C533EAC00BE55F9 /* Products */,
			);
			sourceTree = "<group>";
		};
		A9B4254F1C533EAC00BE55F9 /* Products */ = {
			isa = PBXGroup;
			children = (
				A9B4254E1C533EAC00BE55F9 /* HomeChef.app */,
				A9B425631C533EAC00BE55F9 /* HomeChefTests.xctest */,
			);
			name = Products;
			sourceTree = "<group>";
		};
		A9B425501C533EAC00BE55F9 /* HomeChef */ = {
			isa = PBXGroup;
			children = (
				A9BA6ABD1C53AA2200E79B97 /* AppDelegate.swift */,
				A9596CAA1C53A7670088E485 /* IngredientsControllerC.m */,
				A9B425551C533EAC00BE55F9 /* ViewController.swift */,
				A9B425571C533EAC00BE55F9 /* Main.storyboard */,
				A9B425731C53615400BE55F9 /* IngredientsViewController.swift */,
				A958FA081C53ACDE00C694E6 /* IngredientsViewCell.h */,
				A958FA091C53ACDE00C694E6 /* IngredientsViewCell.m */,
				A958FA0A1C53ACDE00C694E6 /* IngredientsInterface.h */,
				A958FA0B1C53ACDE00C694E6 /* IngredientsInterface.m */,
				A9B4255A1C533EAC00BE55F9 /* Images.xcassets */,
				A9B4255C1C533EAC00BE55F9 /* LaunchScreen.xib */,
				A9B425511C533EAC00BE55F9 /* Supporting Files */,
			);
			path = HomeChef;
			sourceTree = "<group>";
		};
		A9B425511C533EAC00BE55F9 /* Supporting Files */ = {
			isa = PBXGroup;
			children = (
				A9B425521C533EAC00BE55F9 /* Info.plist */,
			);
			name = "Supporting Files";
			sourceTree = "<group>";
		};
		A9B425661C533EAC00BE55F9 /* HomeChefTests */ = {
			isa = PBXGroup;
			children = (
				A9B425691C533EAC00BE55F9 /* HomeChefTests.swift */,
				A9B425671C533EAC00BE55F9 /* Supporting Files */,
			);
			path = HomeChefTests;
			sourceTree = "<group>";
		};
		A9B425671C533EAC00BE55F9 /* Supporting Files */ = {
			isa = PBXGroup;
			children = (
				A9B425681C533EAC00BE55F9 /* Info.plist */,
			);
			name = "Supporting Files";
			sourceTree = "<group>";
		};
/* End PBXGroup section */

/* Begin PBXNativeTarget section */
		A9B4254D1C533EAC00BE55F9 /* HomeChef */ = {
			isa = PBXNativeTarget;
			buildConfigurationList = A9B4256D1C533EAC00BE55F9 /* Build configuration list for PBXNativeTarget "HomeChef" */;
			buildPhases = (
				A9B4254A1C533EAC00BE55F9 /* Sources */,
				A9B4254B1C533EAC00BE55F9 /* Frameworks */,
				A9B4254C1C533EAC00BE55F9 /* Resources */,
			);
			buildRules = (
			);
			dependencies = (
			);
			name = HomeChef;
			productName = HomeChef;
			productReference = A9B4254E1C533EAC00BE55F9 /* HomeChef.app */;
			productType = "com.apple.product-type.application";
		};
		A9B425621C533EAC00BE55F9 /* HomeChefTests */ = {
			isa = PBXNativeTarget;
			buildConfigurationList = A9B425701C533EAC00BE55F9 /* Build configuration list for PBXNativeTarget "HomeChefTests" */;
			buildPhases = (
				A9B4255F1C533EAC00BE55F9 /* Sources */,
				A9B425601C533EAC00BE55F9 /* Frameworks */,
				A9B425611C533EAC00BE55F9 /* Resources */,
			);
			buildRules = (
			);
			dependencies = (
				A9B425651C533EAC00BE55F9 /* PBXTargetDependency */,
			);
			name = HomeChefTests;
			productName = HomeChefTests;
			productReference = A9B425631C533EAC00BE55F9 /* HomeChefTests.xctest */;
			productType = "com.apple.product-type.bundle.unit-test";
		};
/* End PBXNativeTarget section */

/* Begin PBXProject section */
		A9B425461C533EAC00BE55F9 /* Project object */ = {
			isa = PBXProject;
			attributes = {
				LastUpgradeCheck = 0640;
				ORGANIZATIONNAME = "Jiaqi Wu";
				TargetAttributes = {
					A9B4254D1C533EAC00BE55F9 = {
						CreatedOnToolsVersion = 6.4;
					};
					A9B425621C533EAC00BE55F9 = {
						CreatedOnToolsVersion = 6.4;
						TestTargetID = A9B4254D1C533EAC00BE55F9;
					};
				};
			};
			buildConfigurationList = A9B425491C533EAC00BE55F9 /* Build configuration list for PBXProject "HomeChef" */;
			compatibilityVersion = "Xcode 3.2";
			developmentRegion = English;
			hasScannedForEncodings = 0;
			knownRegions = (
				en,
				Base,
			);
			mainGroup = A9B425451C533EAC00BE55F9;
			productRefGroup = A9B4254F1C533EAC00BE55F9 /* Products */;
			projectDirPath = "";
			projectRoot = "";
			targets = (
				A9B4254D1C533EAC00BE55F9 /* HomeChef */,
				A9B425621C533EAC00BE55F9 /* HomeChefTests */,
			);
		};
/* End PBXProject section */

/* Begin PBXResourcesBuildPhase section */
		A9B4254C1C533EAC00BE55F9 /* Resources */ = {
			isa = PBXResourcesBuildPhase;
			buildActionMask = 2147483647;
			files = (
				A9B425591C533EAC00BE55F9 /* Main.storyboard in Resources */,
				A9B4255E1C533EAC00BE55F9 /* LaunchScreen.xib in Resources */,
				A9B4255B1C533EAC00BE55F9 /* Images.xcassets in Resources */,
			);
			runOnlyForDeploymentPostprocessing = 0;
		};
		A9B425611C533EAC00BE55F9 /* Resources */ = {
			isa = PBXResourcesBuildPhase;
			buildActionMask = 2147483647;
			files = (
			);
			runOnlyForDeploymentPostprocessing = 0;
		};
/* End PBXResourcesBuildPhase section */

/* Begin PBXSourcesBuildPhase section */
		A9B4254A1C533EAC00BE55F9 /* Sources */ = {
			isa = PBXSourcesBuildPhase;
			buildActionMask = 2147483647;
			files = (
				A958FA0D1C53ACDE00C694E6 /* IngredientsInterface.m in Sources */,
				A9BA6ABE1C53AA2200E79B97 /* AppDelegate.swift in Sources */,
				A9B425741C53615400BE55F9 /* IngredientsViewController.swift in Sources */,
				A9B425561C533EAC00BE55F9 /* ViewController.swift in Sources */,
				A9596CAB1C53A7670088E485 /* IngredientsControllerC.m in Sources */,
				A958FA0C1C53ACDE00C694E6 /* IngredientsViewCell.m in Sources */,
			);
			runOnlyForDeploymentPostprocessing = 0;
		};
		A9B4255F1C533EAC00BE55F9 /* Sources */ = {
			isa = PBXSourcesBuildPhase;
			buildActionMask = 2147483647;
			files = (
				A9B4256A1C533EAC00BE55F9 /* HomeChefTests.swift in Sources */,
			);
			runOnlyForDeploymentPostprocessing = 0;
		};
/* End PBXSourcesBuildPhase section */

/* Begin PBXTargetDependency section */
		A9B425651C533EAC00BE55F9 /* PBXTargetDependency */ = {
			isa = PBXTargetDependency;
			target = A9B4254D1C533EAC00BE55F9 /* HomeChef */;
			targetProxy = A9B425641C533EAC00BE55F9 /* PBXContainerItemProxy */;
		};
/* End PBXTargetDependency section */

/* Begin PBXVariantGroup section */
		A9B425571C533EAC00BE55F9 /* Main.storyboard */ = {
			isa = PBXVariantGroup;
			children = (
				A9B425581C533EAC00BE55F9 /* Base */,
			);
			name = Main.storyboard;
			sourceTree = "<group>";
		};
		A9B4255C1C533EAC00BE55F9 /* LaunchScreen.xib */ = {
			isa = PBXVariantGroup;
			children = (
				A9B4255D1C533EAC00BE55F9 /* Base */,
			);
			name = LaunchScreen.xib;
			sourceTree = "<group>";
		};
/* End PBXVariantGroup section */

/* Begin XCBuildConfiguration section */
		A9B4256B1C533EAC00BE55F9 /* Debug */ = {
			isa = XCBuildConfiguration;
			buildSettings = {
				ALWAYS_SEARCH_USER_PATHS = NO;
				CLANG_CXX_LANGUAGE_STANDARD = "gnu++0x";
				CLANG_CXX_LIBRARY = "libc++";
				CLANG_ENABLE_MODULES = YES;
				CLANG_ENABLE_OBJC_ARC = YES;
				CLANG_WARN_BOOL_CONVERSION = YES;
				CLANG_WARN_CONSTANT_CONVERSION = YES;
				CLANG_WARN_DIRECT_OBJC_ISA_USAGE = YES_ERROR;
				CLANG_WARN_EMPTY_BODY = YES;
				CLANG_WARN_ENUM_CONVERSION = YES;
				CLANG_WARN_INT_CONVERSION = YES;
				CLANG_WARN_OBJC_ROOT_CLASS = YES_ERROR;
				CLANG_WARN_UNREACHABLE_CODE = YES;
				CLANG_WARN__DUPLICATE_METHOD_MATCH = YES;
				"CODE_SIGN_IDENTITY[sdk=iphoneos*]" = "iPhone Developer";
				COPY_PHASE_STRIP = NO;
				DEBUG_INFORMATION_FORMAT = "dwarf-with-dsym";
				ENABLE_STRICT_OBJC_MSGSEND = YES;
				GCC_C_LANGUAGE_STANDARD = gnu99;
				GCC_DYNAMIC_NO_PIC = NO;
				GCC_NO_COMMON_BLOCKS = YES;
				GCC_OPTIMIZATION_LEVEL = 0;
				GCC_PREPROCESSOR_DEFINITIONS = (
					"DEBUG=1",
					"$(inherited)",
				);
				GCC_SYMBOLS_PRIVATE_EXTERN = NO;
				GCC_WARN_64_TO_32_BIT_CONVERSION = YES;
				GCC_WARN_ABOUT_RETURN_TYPE = YES_ERROR;
				GCC_WARN_UNDECLARED_SELECTOR = YES;
				GCC_WARN_UNINITIALIZED_AUTOS = YES_AGGRESSIVE;
				GCC_WARN_UNUSED_FUNCTION = YES;
				GCC_WARN_UNUSED_VARIABLE = YES;
				IPHONEOS_DEPLOYMENT_TARGET = 8.4;
				MTL_ENABLE_DEBUG_INFO = YES;
				ONLY_ACTIVE_ARCH = YES;
				SDKROOT = iphoneos;
				SWIFT_OPTIMIZATION_LEVEL = "-Onone";
			};
			name = Debug;
		};
		A9B4256C1C533EAC00BE55F9 /* Release */ = {
			isa = XCBuildConfiguration;
			buildSettings = {
				ALWAYS_SEARCH_USER_PATHS = NO;
				CLANG_CXX_LANGUAGE_STANDARD = "gnu++0x";
				CLANG_CXX_LIBRARY = "libc++";
				CLANG_ENABLE_MODULES = YES;
				CLANG_ENABLE_OBJC_ARC = YES;
				CLANG_WARN_BOOL_CONVERSION = YES;
				CLANG_WARN_CONSTANT_CONVERSION = YES;
				CLANG_WARN_DIRECT_OBJC_ISA_USAGE = YES_ERROR;
				CLANG_WARN_EMPTY_BODY = YES;
				CLANG_WARN_ENUM_CONVERSION = YES;
				CLANG_WARN_INT_CONVERSION = YES;
				CLANG_WARN_OBJC_ROOT_CLASS = YES_ERROR;
				CLANG_WARN_UNREACHABLE_CODE = YES;
				CLANG_WARN__DUPLICATE_METHOD_MATCH = YES;
				"CODE_SIGN_IDENTITY[sdk=iphoneos*]" = "iPhone Developer";
				COPY_PHASE_STRIP = NO;
				DEBUG_INFORMATION_FORMAT = "dwarf-with-dsym";
				ENABLE_NS_ASSERTIONS = NO;
				ENABLE_STRICT_OBJC_MSGSEND = YES;
				GCC_C_LANGUAGE_STANDARD = gnu99;
				GCC_NO_COMMON_BLOCKS = YES;
				GCC_WARN_64_TO_32_BIT_CONVERSION = YES;
				GCC_WARN_ABOUT_RETURN_TYPE = YES_ERROR;
				GCC_WARN_UNDECLARED_SELECTOR = YES;
				GCC_WARN_UNINITIALIZED_AUTOS = YES_AGGRESSIVE;
				GCC_WARN_UNUSED_FUNCTION = YES;
				GCC_WARN_UNUSED_VARIABLE = YES;
				IPHONEOS_DEPLOYMENT_TARGET = 8.4;
				MTL_ENABLE_DEBUG_INFO = NO;
				SDKROOT = iphoneos;
				VALIDATE_PRODUCT = YES;
			};
			name = Release;
		};
		A9B4256E1C533EAC00BE55F9 /* Debug */ = {
			isa = XCBuildConfiguration;
			buildSettings = {
				ASSETCATALOG_COMPILER_APPICON_NAME = AppIcon;
				INFOPLIST_FILE = HomeChef/Info.plist;
				LD_RUNPATH_SEARCH_PATHS = "$(inherited) @executable_path/Frameworks";
				PRODUCT_NAME = "$(TARGET_NAME)";
			};
			name = Debug;
		};
		A9B4256F1C533EAC00BE55F9 /* Release */ = {
			isa = XCBuildConfiguration;
			buildSettings = {
				ASSETCATALOG_COMPILER_APPICON_NAME = AppIcon;
				INFOPLIST_FILE = HomeChef/Info.plist;
				LD_RUNPATH_SEARCH_PATHS = "$(inherited) @executable_path/Frameworks";
				PRODUCT_NAME = "$(TARGET_NAME)";
			};
			name = Release;
		};
		A9B425711C533EAC00BE55F9 /* Debug */ = {
			isa = XCBuildConfiguration;
			buildSettings = {
				BUNDLE_LOADER = "$(TEST_HOST)";
				FRAMEWORK_SEARCH_PATHS = (
					"$(SDKROOT)/Developer/Library/Frameworks",
					"$(inherited)",
				);
				GCC_PREPROCESSOR_DEFINITIONS = (
					"DEBUG=1",
					"$(inherited)",
				);
				INFOPLIST_FILE = HomeChefTests/Info.plist;
				LD_RUNPATH_SEARCH_PATHS = "$(inherited) @executable_path/Frameworks @loader_path/Frameworks";
				PRODUCT_NAME = "$(TARGET_NAME)";
				TEST_HOST = "$(BUILT_PRODUCTS_DIR)/HomeChef.app/HomeChef";
			};
			name = Debug;
		};
		A9B425721C533EAC00BE55F9 /* Release */ = {
			isa = XCBuildConfiguration;
			buildSettings = {
				BUNDLE_LOADER = "$(TEST_HOST)";
				FRAMEWORK_SEARCH_PATHS = (
					"$(SDKROOT)/Developer/Library/Frameworks",
					"$(inherited)",
				);
				INFOPLIST_FILE = HomeChefTests/Info.plist;
				LD_RUNPATH_SEARCH_PATHS = "$(inherited) @executable_path/Frameworks @loader_path/Frameworks";
				PRODUCT_NAME = "$(TARGET_NAME)";
				TEST_HOST = "$(BUILT_PRODUCTS_DIR)/HomeChef.app/HomeChef";
			};
			name = Release;
		};
/* End XCBuildConfiguration section */

/* Begin XCConfigurationList section */
		A9B425491C533EAC00BE55F9 /* Build configuration list for PBXProject "HomeChef" */ = {
			isa = XCConfigurationList;
			buildConfigurations = (
				A9B4256B1C533EAC00BE55F9 /* Debug */,
				A9B4256C1C533EAC00BE55F9 /* Release */,
			);
			defaultConfigurationIsVisible = 0;
			defaultConfigurationName = Release;
		};
		A9B4256D1C533EAC00BE55F9 /* Build configuration list for PBXNativeTarget "HomeChef" */ = {
			isa = XCConfigurationList;
			buildConfigurations = (
				A9B4256E1C533EAC00BE55F9 /* Debug */,
				A9B4256F1C533EAC00BE55F9 /* Release */,
			);
			defaultConfigurationIsVisible = 0;
			defaultConfigurationName = Release;
		};
		A9B425701C533EAC00BE55F9 /* Build configuration list for PBXNativeTarget "HomeChefTests" */ = {
			isa = XCConfigurationList;
			buildConfigurations = (
				A9B425711C533EAC00BE55F9 /* Debug */,
				A9B425721C533EAC00BE55F9 /* Release */,
			);
			defaultConfigurationIsVisible = 0;
			defaultConfigurationName = Release;
		};
/* End XCConfigurationList section */
	};
	rootObject = A9B425461C533EAC00BE55F9 /* Project object */;
}
